{
  "name": "@magiqan/types",
  "version": "0.0.0",
  "lockfileVersion": 2,
  "requires": true,
  "packages": {
    "": {
      "name": "@magiqan/types",
      "version": "0.0.0",
      "license": "MIT",
      "dependencies": {
        "@magiqan/constants": "file:../constants"
      }
    },
    "../constants": {
      "version": "0.0.0",
      "license": "MIT"
    },
    "node_modules/@magiqan/constants": {
      "resolved": "../constants",
      "link": true
    }
  },
  "dependencies": {
    "@magiqan/constants": {
      "version": "file:../constants"
    }
  }
}
