{
  "name": "@magiqan/errors",
  "version": "1.0.0",
  "lockfileVersion": 2,
  "requires": true,
  "packages": {
    "": {
      "name": "@magiqan/errors",
      "version": "1.0.0",
      "license": "MIT",
      "dependencies": {
        "@magiqan/events": "file:../events"
      }
    },
    "../events": {
      "name": "@magiqan/events",
      "version": "1.0.0",
      "license": "MIT",
      "dependencies": {
        "@magiqan/types": "file:../types"
      }
    },
    "node_modules/@magiqan/events": {
      "resolved": "../events",
      "link": true
    }
  },
  "dependencies": {
    "@magiqan/events": {
      "version": "file:../events",
      "requires": {
        "@magiqan/types": "file:../types"
      }
    }
  }
}
