{
  "name": "examples",
  "version": "1.0.0",
  "lockfileVersion": 2,
  "requires": true,
  "packages": {
    "": {
      "name": "examples",
      "version": "1.0.0",
      "license": "ISC",
      "dependencies": {
        "@magiqan/cli": "file:../packages/cli",
        "@magiqan/core": "file:../packages/core",
        "@magiqan/profiler": "file:../packages/profiler",
        "@magiqan/reporter": "file:../packages/reporter",
        "@magiqan/runner": "file:../packages/runner",
        "typescript": "^4.4.3"
      }
    },
    "../packages/cli": {
      "name": "@magiqan/cli",
      "version": "0.0.0",
      "license": "MIT",
      "dependencies": {
        "@magiqan/reporter": "file:../reporter",
        "@magiqan/runner": "file:../runner",
        "yargs": "^17.2.1"
      },
      "devDependencies": {
        "@types/yargs": "^17.0.3"
      }
    },
    "../packages/core": {
      "name": "@magiqan/core",
      "version": "0.0.0",
      "license": "MIT",
      "dependencies": {
        "@magiqan/constants": "file:../constants",
        "@magiqan/runtime": "file:../runtime"
      }
    },
    "../packages/profiler": {
      "name": "@magiqan/profiler",
      "version": "1.0.0",
      "license": "MIT",
      "devDependencies": {}
    },
    "../packages/reporter": {
      "name": "@magiqan/reporter",
      "version": "0.0.0",
      "license": "MIT",
      "dependencies": {
        "@magiqan/events": "file:../events",
        "@magiqan/types": "file:../types",
        "axios": "0.22.0"
      }
    },
    "../packages/runner": {
      "name": "@magiqan/runner",
      "version": "1.0.0",
      "license": "MIT",
      "dependencies": {
        "@magiqan/constants": "file:../constants",
        "@magiqan/errors": "file:../errors",
        "@magiqan/events": "file:../events",
        "@magiqan/logger": "file:../logger",
        "@magiqan/types": "file:../types",
        "glob": "7.2.0"
      },
      "devDependencies": {
        "@types/glob": "7.1.4"
      }
    },
    "node_modules/@magiqan/cli": {
      "resolved": "../packages/cli",
      "link": true
    },
    "node_modules/@magiqan/core": {
      "resolved": "../packages/core",
      "link": true
    },
    "node_modules/@magiqan/profiler": {
      "resolved": "../packages/profiler",
      "link": true
    },
    "node_modules/@magiqan/reporter": {
      "resolved": "../packages/reporter",
      "link": true
    },
    "node_modules/@magiqan/runner": {
      "resolved": "../packages/runner",
      "link": true
    },
    "node_modules/typescript": {
      "version": "4.4.3",
      "resolved": "https://registry.npmjs.org/typescript/-/typescript-4.4.3.tgz",
      "integrity": "sha512-4xfscpisVgqqDfPaJo5vkd+Qd/ItkoagnHpufr+i2QCHBsNYp+G7UAoyFl8aPtx879u38wPV65rZ8qbGZijalA==",
      "bin": {
        "tsc": "bin/tsc",
        "tsserver": "bin/tsserver"
      },
      "engines": {
        "node": ">=4.2.0"
      }
    }
  },
  "dependencies": {
    "@magiqan/cli": {
      "version": "file:../packages/cli",
      "requires": {
        "@magiqan/reporter": "file:../reporter",
        "@magiqan/runner": "file:../runner",
        "@types/yargs": "^17.0.3",
        "yargs": "^17.2.1"
      }
    },
    "@magiqan/core": {
      "version": "file:../packages/core",
      "requires": {
        "@magiqan/constants": "file:../constants",
        "@magiqan/runtime": "file:../runtime"
      }
    },
    "@magiqan/profiler": {
      "version": "file:../packages/profiler"
    },
    "@magiqan/reporter": {
      "version": "file:../packages/reporter",
      "requires": {
        "@magiqan/events": "file:../events",
        "@magiqan/types": "file:../types",
        "axios": "0.22.0"
      }
    },
    "@magiqan/runner": {
      "version": "file:../packages/runner",
      "requires": {
        "@magiqan/constants": "file:../constants",
        "@magiqan/errors": "file:../errors",
        "@magiqan/events": "file:../events",
        "@magiqan/logger": "file:../logger",
        "@magiqan/types": "file:../types",
        "@types/glob": "7.1.4",
        "glob": "7.2.0"
      }
    },
    "typescript": {
      "version": "4.4.3",
      "resolved": "https://registry.npmjs.org/typescript/-/typescript-4.4.3.tgz",
      "integrity": "sha512-4xfscpisVgqqDfPaJo5vkd+Qd/ItkoagnHpufr+i2QCHBsNYp+G7UAoyFl8aPtx879u38wPV65rZ8qbGZijalA=="
    }
  }
}
