{
  "name": "@magiqan/core",
  "version": "0.0.0",
  "lockfileVersion": 2,
  "requires": true,
  "packages": {
    "": {
      "name": "@magiqan/core",
      "version": "0.0.0",
      "license": "MIT",
      "dependencies": {
        "@magiqan/constants": "file:../constants",
        "@magiqan/runtime": "file:../runtime"
      }
    },
    "../constants": {
      "name": "@magiqan/constants",
      "version": "0.0.0",
      "license": "MIT"
    },
    "../events": {
      "name": "@magiqan/events",
      "version": "0.0.0",
      "extraneous": true,
      "license": "MIT",
      "dependencies": {
        "@magiqan/types": "file:../types"
      }
    },
    "../runtime": {
      "name": "@magiqan/runtime",
      "version": "1.0.0",
      "license": "MIT",
      "dependencies": {
        "@magiqan/constants": "file:../constants",
        "@magiqan/errors": "file:../errors",
        "@magiqan/events": "file:../events",
        "@magiqan/types": "file:../types",
        "reflect-metadata": "^0.1.13"
      }
    },
    "../types": {
      "name": "@magiqan/types",
      "version": "0.0.0",
      "extraneous": true,
      "license": "MIT",
      "dependencies": {
        "@magiqan/constants": "file:../constants"
      }
    },
    "node_modules/@magiqan/constants": {
      "resolved": "../constants",
      "link": true
    },
    "node_modules/@magiqan/runtime": {
      "resolved": "../runtime",
      "link": true
    }
  },
  "dependencies": {
    "@magiqan/constants": {
      "version": "file:../constants"
    },
    "@magiqan/runtime": {
      "version": "file:../runtime",
      "requires": {
        "@magiqan/constants": "file:../constants",
        "@magiqan/errors": "file:../errors",
        "@magiqan/events": "file:../events",
        "@magiqan/types": "file:../types",
        "reflect-metadata": "^0.1.13"
      }
    }
  }
}
