{
  "name": "@magiqan/core",
  "version": "0.0.0",
  "lockfileVersion": 2,
  "requires": true,
  "packages": {
    "": {
      "name": "@magiqan/core",
      "version": "0.0.0",
      "license": "MIT",
      "dependencies": {
        "@magiqan/constants": "file:../constants",
        "@magiqan/types": "file:../types"
      }
    },
    "../constants": {
      "name": "@magiqans/constants",
      "version": "0.0.0",
      "license": "MIT"
    },
    "../events": {
      "name": "@magiqans/events",
      "version": "1.0.0",
      "extraneous": true,
      "license": "MIT",
      "dependencies": {
        "@magiqans/types": "file:../types"
      }
    },
    "../types": {
      "name": "@magiqan/types",
      "version": "1.0.0",
      "license": "MIT"
    },
    "node_modules/@magiqan/constants": {
      "resolved": "../constants",
      "link": true
    },
    "node_modules/@magiqan/types": {
      "resolved": "../types",
      "link": true
    }
  },
  "dependencies": {
    "@magiqan/constants": {
      "version": "file:../constants"
    },
    "@magiqan/types": {
      "version": "file:../types"
    }
  }
}
