{
  "name": "@magiqan/runner",
  "version": "1.0.0",
  "lockfileVersion": 2,
  "requires": true,
  "packages": {
    "": {
      "name": "@magiqan/runner",
      "version": "1.0.0",
      "license": "MIT",
      "dependencies": {
        "@magiqan/constants": "file:../constants",
        "@magiqan/errors": "file:../errors",
        "@magiqan/events": "file:../events",
        "@magiqan/types": "file:../types"
      }
    },
    "../constants": {
      "name": "@magiqans/constants",
      "version": "0.0.0",
      "license": "MIT"
    },
    "../errors": {
      "name": "@magiqan/errors",
      "version": "1.0.0",
      "license": "MIT",
      "dependencies": {
        "@magiqan/events": "file:../events"
      }
    },
    "../events": {
      "name": "@magiqan/events",
      "version": "1.0.0",
      "license": "MIT",
      "dependencies": {
        "@magiqan/types": "file:../types"
      }
    },
    "../types": {
      "name": "@magiqan/types",
      "version": "1.0.0",
      "license": "MIT"
    },
    "node_modules/@magiqan/constants": {
      "resolved": "../constants",
      "link": true
    },
    "node_modules/@magiqan/errors": {
      "resolved": "../errors",
      "link": true
    },
    "node_modules/@magiqan/events": {
      "resolved": "../events",
      "link": true
    },
    "node_modules/@magiqan/types": {
      "resolved": "../types",
      "link": true
    }
  },
  "dependencies": {
    "@magiqan/constants": {
      "version": "file:../constants"
    },
    "@magiqan/errors": {
      "version": "file:../errors",
      "requires": {
        "@magiqan/events": "file:../events"
      }
    },
    "@magiqan/events": {
      "version": "file:../events",
      "requires": {
        "@magiqan/types": "file:../types"
      }
    },
    "@magiqan/types": {
      "version": "file:../types"
    }
  }
}
