{
  "name": "@magiqan/events",
  "version": "0.0.0",
  "lockfileVersion": 2,
  "requires": true,
  "packages": {
    "": {
      "name": "@magiqan/events",
      "version": "0.0.0",
      "license": "MIT",
      "dependencies": {
        "@magiqan/types": "file:../types"
      }
    },
    "../types": {
      "name": "@magiqan/types",
      "version": "0.0.0",
      "license": "MIT",
      "dependencies": {
        "@magiqan/constants": "file:../constants"
      }
    },
    "node_modules/@magiqan/types": {
      "resolved": "../types",
      "link": true
    }
  },
  "dependencies": {
    "@magiqan/types": {
      "version": "file:../types",
      "requires": {
        "@magiqan/constants": "file:../constants"
      }
    }
  }
}
